
Microsoft Visual Studio Solution File, Format Version 12.00
# Visual Studio Version 17
VisualStudioVersion = 17.9.34622.214
MinimumVisualStudioVersion = 10.0.40219.1
Project("{FAE04EC0-301F-11D3-BF4B-00C04F79EFBC}") = "MendezAlejandra_for18", "MendezAlejandra_for18\MendezAlejandra_for18.csproj", "{91278697-B320-4521-A711-F05199B120A3}"
EndProject
Global
	GlobalSection(SolutionConfigurationPlatforms) = preSolution
		Debug|Any CPU = Debug|Any CPU
		Release|Any CPU = Release|Any CPU
	EndGlobalSection
	GlobalSection(ProjectConfigurationPlatforms) = postSolution
		{91278697-B320-4521-A711-F05199B120A3}.Debug|Any CPU.ActiveCfg = Debug|Any CPU
		{91278697-B320-4521-A711-F05199B120A3}.Debug|Any CPU.Build.0 = Debug|Any CPU
		{91278697-B320-4521-A711-F05199B120A3}.Release|Any CPU.ActiveCfg = Release|Any CPU
		{91278697-B320-4521-A711-F05199B120A3}.Release|Any CPU.Build.0 = Release|Any CPU
	EndGlobalSection
	GlobalSection(SolutionProperties) = preSolution
		HideSolutionNode = FALSE
	EndGlobalSection
	GlobalSection(ExtensibilityGlobals) = postSolution
		SolutionGuid = {3CBBC18E-DEDA-4DC7-9E8A-D12EC4F00893}
	EndGlobalSection
EndGlobal
